# praxis.lock — pinned content hashes + per-source structural extraction
# for entries in praxis.toml. Cargo-precedent naming. Auto-managed
# (regenerated by `pr4xis lock`, M3+); manual edits will be overwritten.
#
# [hashes] section: keys are `"<name>@<version>"` strings matching
# `[sources.<name>] version` in praxis.toml. Values are hex SHA-256.
# For Heap-store sources (e.g. WordNet) the hash pins the source bytes
# after any transport-layer decompression but before any decoder runs.
# For Static-store sources (e.g. Statutes) the hash is the canonical
# sha256 of the JSON-serialised structural data (sort_keys=true,
# separators=(",",":")), which makes drift between this lock's content
# and its pinned hash detectable.
#
# [structural."<name>@<version>"] sections: per-source structural
# extraction (terms + relations) for sources whose Store backend bakes
# the derived ontology at build time. Schema matches
# `pr4xis::codegen::statute::RawStatuteDoc` directly.
#
# Drift detection (the `LockManifestAgreement` axiom) compares each
# manifest entry to its lock hash; missing lock entry, extra lock entry,
# or mismatching hash all fail closed at startup.

[hashes]
"english_wordnet@2025"   = "6f49adeec174ab3092169fb25cf4a925226b63975a5d29a691a5dff88f0673b2"
# USLM XML schema (W3C XSD 1.1). Pinned hash of the on-disk file
# crates/domains/data/legal/uscode/schema/uslm-1.0.18.xsd — the LRC's
# published USLM.xsd (github.com/usgpo/uslm@main/USLM.xsd, version
# "1.0.18" on its <xsd:schema> root attribute). Loaded by the USLM
# ontology codegen so element/complexType/simpleType declarations
# derive from the published schema (Gao, Sperberg-McQueen & Thompson
# 2012 W3C XSD 1.1 Part 1 §1.1 Recommendation 5 April 2012) rather
# than being hand-coded.
"uslm_xsd@1.0.18"        = "dba603fcb1b466ef03fe28d4b10306b7b04cd36357e1d738156579da85413550"
# U.S. Federal Legal-Text Closed-Class Lexicon (LMF XML). Pinned hash
# of crates/domains/data/legal-text/us_legal_lexicon.xml — the
# bounded, cited enumeration of citation abbreviations + month names +
# federal-agency acronyms + U.S. state/place names + English
# productive compounds + legal terms-of-art. Loaded by the Layer 1+2
# `is_statutory_term_of_art` classifier. Citations per category live
# in the XML header (GPO Style Manual 2016, Federal Register Document
# Drafting Handbook 2017, ISO 3166-2:US, Huddleston & Pullum 2002,
# Bauer 1983, Black's Law Dictionary 11th ed. 2019). Updating the XML
# requires regenerating this hash.
"us_legal_lexicon@2026"  = "fd87bf2db83ce9253e9549079fe9f3f08aa0c9f5f0199c4c82a2d2a2152ce8b6"
# Schema-Vocabulary Closed-Class Lexicon (LMF XML). Pinned hash of
# crates/domains/data/schema-vocabulary/schema_vocabulary.xml — the
# bounded, cited enumeration of HTML5 element/attribute names
# (WHATWG HTML Living Standard), W3C XML 1.0 attribute-type names
# (Bray et al. 2008 §3.3.1), LRC USLM XML User Guide v1.0.18
# element/attribute/type-suffix/group names, and productive sub-*
# hierarchical forms (Huddleston & Pullum 2002 Ch. 19 §1.2). Loaded
# by the XSD → English projection's `is_schema_vocabulary` classifier
# (`crates/domains/src/formal/meta/xsd/schema_vocabulary.rs`).
# Updating the XML requires regenerating this hash.
"schema_vocabulary@2026" = "87a613968086634abf4d8182f11675c9678a40686f2fb384b50e08e2099f214a"
"sox_1514a@2002"         = "f5bf19858f360dc860f1de6c339e309cd4b17b75bd83167ad48ecef84cbf51a7"
# U.S. Code Title 18 — Crimes and Criminal Procedure. SHA-256 of
# the unzipped usc18.xml content (12 MB, 1,428 sections, ~28k cross-
# references) from release point pl-119-90. The .zip wrapper sha256
# is not stored — `pr4xis update` verifies the inner XML matches.
"usc_title_18@pl-119-90" = "00bb3b87d056164095e174a4993151e5fbd2f5c114aaa6f86853b76e514d883f"
# U.S. Code Title 49 — Transportation. SHA-256 of the unzipped
# usc49.xml content (26 MB, 1,634 sections, ~33k cross-refs) from
# release point pl-119-90. AIR21 § 42121 lives here.
"usc_title_49@pl-119-90" = "9be46928d04bae7c821246f800780493fdfe900cbcfffd52fedf8142a42db650"
# U.S. Code Title 28 — Judiciary and Judicial Procedure, including
# 28 U.S.C. App. (Federal Rules of Civil Procedure, Federal Rules
# of Evidence, Federal Rules of Appellate Procedure, Federal Rules
# of Bankruptcy Procedure). Loading Title 28 populates Layer 3 of
# statute_understanding with typed legal-actor / evidence-rule
# vocabulary — no hand-coded ontology macros needed. Hash will be
# pinned by `pr4xis update usc_title_28` once the XML is fetched;
# this placeholder is the SHA-256 of an empty file (the codegen
# build script emits a stub for not-on-disk sources, so build
# stays green until the user runs `pr4xis update`).
"usc_title_28@pl-119-90" = "e3b0c44298fc1c149afbf4c8996fb92427ae41e4649b934ca495991b7852b855"
# Adobe Glyph List 2019 — SHA-256 of crates/domains/data/adobe/glyphlist.txt,
# a verbatim copy of
# https://raw.githubusercontent.com/adobe-type-tools/agl-aglfn/master/glyphlist.txt.
# Verified at test time by `pdf::agl::tests::embedded_sha256_matches_pinned_hash`
# and at build time by the registry's LockManifestAgreement axiom.
"adobe_glyph_list@2019"  = "a3b2f61ced9f3644cc0d4ecde5c59df34ca286c689d9484a43a710a81c466789"

# Canonical-text fixtures: previously held hand-transcribed text for
# statutes pending the PDF loader. Removed by M4.γ Phase 8 — see
# `feedback_push_back_on_unsupported_file_types` (never approximate
# from secondary sources). Statutes now consume the build-time
# `PDF_EXTRACTION: PdfBuildExtraction` const (Phase 7), which is
# `NotOnDisk` until `pr4xis update <statute>` lands the authoritative
# PDF at the standard `local_path()` and the build script's
# `extract_pdf_to_text` materializes it into `Extracted { text,
# bytes_hash }`.

# Sarbanes–Oxley § 806 (codified at 18 U.S.C. § 1514A). 28 terms /
# 18 relations. Bootstrap extraction transformed from the canonical
# structural source; the canonical sha256 above pins this content so
# any future edit forces a regeneration of the hash.
[structural."sox_1514a@2002"]
description = "18 U.S.C. § 1514A — Civil action to protect against retaliation in fraud cases"

[[structural."sox_1514a@2002".terms]]
id = "sox_1514a:a"
name = "Covered Employer"
definition = "A company with registered securities, its subsidiaries, affiliates, or a nationally recognized statistical rating organization."

[[structural."sox_1514a@2002".terms]]
id = "sox_1514a:a_v2"
name = "Covered Persons"
definition = "Officers, employees, contractors, subcontractors, and agents of covered employers or rating organizations."

[[structural."sox_1514a@2002".terms]]
id = "sox_1514a:a_v3"
name = "Prohibition on Retaliation"
definition = "Employers may not discharge, demote, suspend, threaten, harass, or discriminate against employees for protected activity."

[[structural."sox_1514a@2002".terms]]
id = "sox_1514a:1"
name = "Protected Activity: Providing Information and Assistance"
definition = "Protected activity includes providing information, causing information to be provided, or assisting in an investigation regarding violations."

[[structural."sox_1514a@2002".terms]]
id = "sox_1514a:1_v2"
name = "Protected Conduct: Violations of Federal Law"
definition = "Conduct the employee reasonably believes constitutes violations of fraud-related statutes, SEC rules, or federal fraud laws."

[[structural."sox_1514a@2002".terms]]
id = "sox_1514a:1a"
name = "Reporting to Federal Agency"
definition = "Employee's protected activity includes providing information to or assisting investigation by a federal regulatory or law enforcement agency."

[[structural."sox_1514a@2002".terms]]
id = "sox_1514a:1b"
name = "Reporting to Congress"
definition = "Employee's protected activity includes providing information to or assisting investigation by a Member of Congress or committee of Congress."

[[structural."sox_1514a@2002".terms]]
id = "sox_1514a:1c"
name = "Reporting to Supervisor or Internal Authority"
definition = "Employee's protected activity includes providing information to a person with supervisory authority or another person with authority to investigate, discover, or terminate misconduct."

[[structural."sox_1514a@2002".terms]]
id = "sox_1514a:2"
name = "Protected Activity: Participation in Proceedings"
definition = "Protected activity includes filing, causing to be filed, testifying, participating in, or assisting in a proceeding relating to alleged violations."

[[structural."sox_1514a@2002".terms]]
id = "sox_1514a:a_v4"
name = "Causation: Because Of Protected Activity"
definition = "The employer's adverse action must be taken because of the employee's lawful protected activity."

[[structural."sox_1514a@2002".terms]]
id = "sox_1514a:a_v5"
name = "Lawfulness of Protected Activity"
definition = "The protected activity must consist of a lawful act done by the employee."

[[structural."sox_1514a@2002".terms]]
id = "sox_1514a:b1"
name = "Right to Seek Relief"
definition = "A person alleging discharge or discrimination may seek relief under the prescribed remedies."

[[structural."sox_1514a@2002".terms]]
id = "sox_1514a:b1a"
name = "Complaint Filing with Secretary of Labor"
definition = "A person may file a complaint with the Secretary of Labor."

[[structural."sox_1514a@2002".terms]]
id = "sox_1514a:b1b"
name = "District Court Filing as Alternative Remedy"
definition = "If the Secretary has not issued a final decision within 180 days and there is no showing of bad faith by the claimant, the person may bring an action in district court for de novo review."

[[structural."sox_1514a@2002".terms]]
id = "sox_1514a:b1b_v2"
name = "District Court Jurisdiction"
definition = "The district court shall have jurisdiction over such actions without regard to the amount in controversy."

[[structural."sox_1514a@2002".terms]]
id = "sox_1514a:b2a"
name = "Governance by 49 U.S.C. § 42121(b)"
definition = "Actions under paragraph (1)(A) shall be governed by the rules and procedures set forth in 49 U.S.C. § 42121(b)."

[[structural."sox_1514a@2002".terms]]
id = "sox_1514a:b2b"
name = "Secretary's Notification Obligation"
definition = "Upon receipt of a complaint, the Secretary of Labor shall notify in writing the person named in the complaint and the employer."

[[structural."sox_1514a@2002".terms]]
id = "sox_1514a:b2c"
name = "Burdens of Proof for District Court Actions"
definition = "Actions brought under paragraph (1)(B) shall be governed by the legal burdens of proof set forth in 49 U.S.C. § 42121(b)."

[[structural."sox_1514a@2002".terms]]
id = "sox_1514a:b2d"
name = "Statute of Limitations for Filing"
definition = "An action under paragraph (1) shall be commenced not later than 180 days after the violation occurs or after the employee became aware of the violation."

[[structural."sox_1514a@2002".terms]]
id = "sox_1514a:b2e"
name = "Right to Jury Trial"
definition = "A party to an action brought under paragraph (1)(B) is entitled to trial by jury."

[[structural."sox_1514a@2002".terms]]
id = "sox_1514a:c1"
name = "Remedies in General"
definition = "An employee who prevails in an action under subsection (b)(1) is entitled to all relief necessary to make the employee whole."

[[structural."sox_1514a@2002".terms]]
id = "sox_1514a:c2"
name = "Compensatory Damages"
definition = "Relief in actions under paragraph (1) shall include reinstatement, back pay with interest, and compensation for special damages."

[[structural."sox_1514a@2002".terms]]
id = "sox_1514a:c2a"
name = "Reinstatement"
definition = "Reinstatement of the employee to the same seniority status the employee would have had but for the discrimination."

[[structural."sox_1514a@2002".terms]]
id = "sox_1514a:c2b"
name = "Back Pay"
definition = "The amount of back pay with interest, compensating the employee for lost wages due to the discrimination."

[[structural."sox_1514a@2002".terms]]
id = "sox_1514a:c2c"
name = "Special Damages"
definition = "Compensation for special damages sustained as a result of the discrimination, including litigation costs, expert witness fees, and reasonable attorney fees."

[[structural."sox_1514a@2002".terms]]
id = "sox_1514a:d"
name = "Rights Retained by Employee"
definition = "This section preserves employee rights, privileges, and remedies under Federal law, State law, and collective bargaining agreements without diminishment."

[[structural."sox_1514a@2002".terms]]
id = "sox_1514a:e1"
name = "Non-Waivability of Rights and Remedies"
definition = "Rights and remedies provided under this section cannot be waived by any agreement, policy form, or condition of employment."

[[structural."sox_1514a@2002".terms]]
id = "sox_1514a:e2"
name = "Invalidity of Predispute Arbitration Agreements"
definition = "Predispute arbitration agreements are not valid or enforceable if they require arbitration of disputes arising under this section."

[[structural."sox_1514a@2002".relations]]
from = "sox_1514a:1"
to = "sox_1514a:a_v3"
relation = "Composes"

[[structural."sox_1514a@2002".relations]]
from = "sox_1514a:2"
to = "sox_1514a:a_v3"
relation = "Composes"

[[structural."sox_1514a@2002".relations]]
from = "sox_1514a:1"
to = "sox_1514a:2"
relation = "AlternativeTo"

[[structural."sox_1514a@2002".relations]]
from = "sox_1514a:a"
to = "sox_1514a:a_v3"
relation = "Requires"

[[structural."sox_1514a@2002".relations]]
from = "sox_1514a:a_v4"
to = "sox_1514a:a_v3"
relation = "Requires"

[[structural."sox_1514a@2002".relations]]
from = "sox_1514a:a_v5"
to = "sox_1514a:a_v3"
relation = "Requires"

[[structural."sox_1514a@2002".relations]]
from = "sox_1514a:1a"
to = "sox_1514a:1"
relation = "AlternativeTo"

[[structural."sox_1514a@2002".relations]]
from = "sox_1514a:1b"
to = "sox_1514a:1"
relation = "AlternativeTo"

[[structural."sox_1514a@2002".relations]]
from = "sox_1514a:1c"
to = "sox_1514a:1"
relation = "AlternativeTo"

[[structural."sox_1514a@2002".relations]]
from = "sox_1514a:b2d"
to = "sox_1514a:b1"
relation = "Precedes"

[[structural."sox_1514a@2002".relations]]
from = "sox_1514a:b1a"
to = "sox_1514a:b1b"
relation = "AlternativeTo"

[[structural."sox_1514a@2002".relations]]
from = "sox_1514a:b1"
to = "sox_1514a:a_v3"
relation = "ExhaustionRequiredFor"

[[structural."sox_1514a@2002".relations]]
from = "sox_1514a:c2a"
to = "sox_1514a:c1"
relation = "Composes"

[[structural."sox_1514a@2002".relations]]
from = "sox_1514a:c2b"
to = "sox_1514a:c1"
relation = "Composes"

[[structural."sox_1514a@2002".relations]]
from = "sox_1514a:c2c"
to = "sox_1514a:c1"
relation = "Composes"

[[structural."sox_1514a@2002".relations]]
from = "sox_1514a:e1"
to = "sox_1514a:c1"
relation = "SafeHarborFor"

[[structural."sox_1514a@2002".relations]]
from = "sox_1514a:e2"
to = "sox_1514a:c1"
relation = "SafeHarborFor"

[[structural."sox_1514a@2002".relations]]
from = "sox_1514a:d"
to = "sox_1514a:c1"
relation = "Implies"

# AIR21 § 42121 (49 U.S.C. § 42121). 17 terms / 21 relations covering
# both subsection (a) substantive whistleblower protection and the
# subsection (b) procedural framework that SOX § 1514A(b)(2)(C)
# imports by reference. Bootstrap extraction pending PDF/HTML loader;
# no [hashes] entry — Stub identity claim until the loader exists.
[structural."air21_42121@2010"]
description = "49 U.S.C. § 42121 — Protection of employees providing air safety information; substantive prohibition in (a) and the four-clause burden-shifting framework in (b)(2)(B) that SOX § 1514A imports by reference."

[[structural."air21_42121@2010".terms]]
id = "air21_42121:a"
name = "Discrimination Prohibited"
definition = "An air carrier, or contractor or subcontractor of an air carrier, may not discharge an employee or otherwise discriminate against an employee with respect to compensation, terms, conditions, or privileges of employment because the employee engaged in protected activity."

[[structural."air21_42121@2010".terms]]
id = "air21_42121:a_1"
name = "Protected Activity: Provided Information"
definition = "Employee provided, caused to be provided, or is about to provide (with knowledge of the employer) to the employer or to the Federal Government information relating to any violation or alleged violation of any order, regulation, or standard of the Federal Aviation Administration or any other provision of Federal law relating to air carrier safety."

[[structural."air21_42121@2010".terms]]
id = "air21_42121:a_2"
name = "Protected Activity: Filed Proceeding"
definition = "Employee has filed, caused to be filed, or is about to file (with any knowledge of the employer) a proceeding relating to any violation or alleged violation of air carrier safety law."

[[structural."air21_42121@2010".terms]]
id = "air21_42121:a_3"
name = "Protected Activity: Testified or Participated"
definition = "Employee testified or will testify in such a proceeding."

[[structural."air21_42121@2010".terms]]
id = "air21_42121:a_4"
name = "Protected Activity: Assisted or Participated"
definition = "Employee assisted or participated, or is about to assist or participate, in such a proceeding."

[[structural."air21_42121@2010".terms]]
id = "air21_42121:b1"
name = "Complaint Filing with Secretary of Labor"
definition = "A person who believes that the person has been discharged or otherwise discriminated against by any person in violation of subsection (a) may file (or have any person file on the person's behalf) a complaint with the Secretary of Labor alleging the discharge or discrimination."

[[structural."air21_42121@2010".terms]]
id = "air21_42121:b2"
name = "Investigation"
definition = "The Secretary of Labor shall conduct an investigation of the complaint and notify in writing the complainant and the person alleged to have committed the violation of the allegations and of the substance of evidence supporting the complaint."

[[structural."air21_42121@2010".terms]]
id = "air21_42121:b2a"
name = "Investigation Procedures"
definition = "Within 60 days of receipt of a complaint, and after affording the person alleged to have committed the violation an opportunity to submit a response and to meet with the investigators to present statements from witnesses, the Secretary of Labor shall conduct an investigation."

[[structural."air21_42121@2010".terms]]
id = "air21_42121:b2b"
name = "Required Showing of Complaint"
definition = "The burden-shifting framework governing dismissal, investigation, merits determination, and ordering of relief. Contains the four operative clauses (i)-(iv) establishing contributing-factor and clear-and-convincing same-action standards."

[[structural."air21_42121@2010".terms]]
id = "air21_42121:b2b_i"
name = "Prima Facie Investigation Gate"
definition = "The Secretary shall dismiss a complaint and shall not conduct an investigation unless the complainant makes a prima facie showing that any behavior described in paragraphs (1)-(4) of subsection (a) was a contributing factor in the unfavorable personnel action alleged in the complaint."

[[structural."air21_42121@2010".terms]]
id = "air21_42121:b2b_ii"
name = "Investigation-Gate Same-Action Defense"
definition = "Notwithstanding a finding by the Secretary that the complainant has made the prima facie showing required under clause (i), no investigation shall be conducted if the employer demonstrates, by clear and convincing evidence, that the employer would have taken the same unfavorable personnel action in the absence of that behavior."

[[structural."air21_42121@2010".terms]]
id = "air21_42121:b2b_iii"
name = "Merits Contributing-Factor Demonstration"
definition = "The Secretary may determine that a violation of subsection (a) has occurred only if the complainant demonstrates that any behavior described in paragraphs (1)-(4) of subsection (a) was a contributing factor in the unfavorable personnel action alleged in the complaint."

[[structural."air21_42121@2010".terms]]
id = "air21_42121:b2b_iv"
name = "Merits Same-Action Defense"
definition = "Relief may not be ordered if the employer demonstrates by clear and convincing evidence that the employer would have taken the same unfavorable personnel action in the absence of that behavior."

[[structural."air21_42121@2010".terms]]
id = "air21_42121:b3"
name = "Final Order"
definition = "Not later than 120 days after the date of conclusion of the hearing, the Secretary of Labor shall issue a final order providing the relief prescribed by this section or denying the complaint. The Secretary may enter into a settlement agreement at any time before the issuance of the final order."

[[structural."air21_42121@2010".terms]]
id = "air21_42121:b4"
name = "Civil Action to Enforce Order"
definition = "If the Secretary of Labor has not issued a final order within 210 days after the filing of the complaint or within 90 days after receipt of a written determination, the complainant may bring an action at law or equity for de novo review in the appropriate district court, which shall have jurisdiction without regard to amount in controversy."

[[structural."air21_42121@2010".terms]]
id = "air21_42121:b5"
name = "De Novo Review in District Court"
definition = "An action brought under paragraph (4) shall be governed by the same legal burdens of proof set forth in paragraph (2)(B). The complainant has the right to trial by jury."

[[structural."air21_42121@2010".terms]]
id = "air21_42121:b6"
name = "Filing Penalties"
definition = "If the Secretary finds that a complaint under paragraph (1) is frivolous or has been brought in bad faith, the Secretary may award to the prevailing employer a reasonable attorney's fee not to exceed $1,000."

[[structural."air21_42121@2010".relations]]
from = "air21_42121:a_1"
to = "air21_42121:a"
relation = "Composes"

[[structural."air21_42121@2010".relations]]
from = "air21_42121:a_2"
to = "air21_42121:a"
relation = "Composes"

[[structural."air21_42121@2010".relations]]
from = "air21_42121:a_3"
to = "air21_42121:a"
relation = "Composes"

[[structural."air21_42121@2010".relations]]
from = "air21_42121:a_4"
to = "air21_42121:a"
relation = "Composes"

[[structural."air21_42121@2010".relations]]
from = "air21_42121:a_1"
to = "air21_42121:a_2"
relation = "AlternativeTo"

[[structural."air21_42121@2010".relations]]
from = "air21_42121:a_2"
to = "air21_42121:a_3"
relation = "AlternativeTo"

[[structural."air21_42121@2010".relations]]
from = "air21_42121:a_3"
to = "air21_42121:a_4"
relation = "AlternativeTo"

[[structural."air21_42121@2010".relations]]
from = "air21_42121:b1"
to = "air21_42121:b2"
relation = "Precedes"

[[structural."air21_42121@2010".relations]]
from = "air21_42121:b1"
to = "air21_42121:a"
relation = "Requires"

[[structural."air21_42121@2010".relations]]
from = "air21_42121:b2a"
to = "air21_42121:b2"
relation = "Composes"

[[structural."air21_42121@2010".relations]]
from = "air21_42121:b2b"
to = "air21_42121:b2"
relation = "Composes"

[[structural."air21_42121@2010".relations]]
from = "air21_42121:b2b_i"
to = "air21_42121:b2b"
relation = "Composes"

[[structural."air21_42121@2010".relations]]
from = "air21_42121:b2b_ii"
to = "air21_42121:b2b"
relation = "Composes"

[[structural."air21_42121@2010".relations]]
from = "air21_42121:b2b_iii"
to = "air21_42121:b2b"
relation = "Composes"

[[structural."air21_42121@2010".relations]]
from = "air21_42121:b2b_iv"
to = "air21_42121:b2b"
relation = "Composes"

[[structural."air21_42121@2010".relations]]
from = "air21_42121:b2b_ii"
to = "air21_42121:b2b_i"
relation = "AffirmativeDefenseTo"

[[structural."air21_42121@2010".relations]]
from = "air21_42121:b2b_iv"
to = "air21_42121:b2b_iii"
relation = "AffirmativeDefenseTo"

[[structural."air21_42121@2010".relations]]
from = "air21_42121:b2b_i"
to = "air21_42121:b2b_iii"
relation = "ExhaustionRequiredFor"

[[structural."air21_42121@2010".relations]]
from = "air21_42121:b2"
to = "air21_42121:b3"
relation = "Precedes"

[[structural."air21_42121@2010".relations]]
from = "air21_42121:b3"
to = "air21_42121:b5"
relation = "Precedes"

[[structural."air21_42121@2010".relations]]
from = "air21_42121:b5"
to = "air21_42121:b4"
relation = "AlternativeTo"

