# praxis.lock — pinned content hashes for entries in praxis.toml.
# Cargo-precedent naming. Auto-managed (regenerated by `pr4xis lock`);
# manual edits will be overwritten.
#
# Two parallel sections:
#
# `[hashes]` — SHA-256 of the source bytes as delivered by the fetch
# pipeline (after transport-layer decompression, before any decoder
# runs). Keys are `"<name>@<version>"` strings matching
# `[sources.<name>] version` in praxis.toml. Verifies "we got the same
# source we expected" (Dolstra 2006 content-addressed storage).
#
# `[canonical_signatures]` — SHA-256 of the canonical-form bytes
# produced by the source's well-behaved lens (Foster, Greenwald,
# Moore, Pierce & Schmitt 2007 ACM TOPLAS 29(3)). The canonical form
# is the lens's normalized output — W3C XML Canonicalization 1.1
# (Boyer & Marcy 2008) for XML sources, RFC 8785 JCS for JSON,
# Unicode NFKC for plain text, etc. Verifies "the source, after lens
# normalization, has the same structural shape" — drift in the lens
# implementation surfaces here while the raw-bytes hash remains
# stable. Optional per source; sources without a signature are not
# yet round-trip-pinned.
#
# Drift detection: the LockManifestAgreement axiom compares each
# manifest entry to its lock hash. Missing lock entry, extra lock
# entry, or mismatching hash all fail closed at startup. A free-
# standing canonical_signature without a matching raw-bytes hash is
# rejected at parse time.

[hashes]
"english_wordnet@2025"   = "6f49adeec174ab3092169fb25cf4a925226b63975a5d29a691a5dff88f0673b2"
# USLM XML schema (W3C XSD 1.1). Pinned hash of the on-disk file
# crates/domains/data/legal/uscode/schema/uslm-1.0.18.xsd — the LRC's
# published USLM.xsd (github.com/usgpo/uslm@main/USLM.xsd, version
# "1.0.18" on its <xsd:schema> root attribute). Loaded by the USLM
# ontology codegen so element/complexType/simpleType declarations
# derive from the published schema (Gao, Sperberg-McQueen & Thompson
# 2012 W3C XSD 1.1 Part 1 §1.1 Recommendation 5 April 2012) rather
# than being hand-coded.
"uslm_xsd@1.0.18"        = "dba603fcb1b466ef03fe28d4b10306b7b04cd36357e1d738156579da85413550"
# W3C XHTML 1.0 Strict XSD. Pinned hash of the on-disk file
# crates/domains/data/markup-schemas/xhtml/xhtml-1.0-strict.xsd —
# the W3C-published xhtml1-strict.xsd (www.w3.org/2002/08/xhtml/
# xhtml1-strict.xsd, version "1.0" on its <xs:schema> root attribute).
# Loaded by the HTML5 ontology codegen so element / attribute
# declarations derive from the published schema (Pemberton et al.
# 2002 XHTML 1.0 Second Edition, W3C Recommendation 1 August 2002,
# §A.2 XHTML 1.0 Strict Schema) rather than being hand-coded. The
# M4.η.1 grounding source for `social/software/markup/html/`.
"xhtml_1_0_xsd@1.0"       = "9f89777c95be6866317de83852f9fbddd6c48c381a36d8fd9b00e11b864a209f"
# W3C XML namespace XSD. Pinned hash of the on-disk file
# crates/domains/data/markup-schemas/xml/xml.xsd — the W3C-published
# xml.xsd at https://www.w3.org/2001/xml.xsd. Loaded by the XML 1.0
# ontology codegen (M4.η.2) so the four reserved attribute names
# (xml:lang, xml:space, xml:base, xml:id) derive from the published
# schema (Bray et al. 2009 Namespaces in XML 1.0 Third Edition;
# Bray et al. 2008 XML 1.0 Fifth Edition §2.10 + §2.12; Marsh & Tobin
# 2009 XML Base) rather than being hand-coded.
"xml_1_0_namespace_xsd@1.0" = "61960fb3131e38022caad5360e2f33a3382578ab3c80cd58bd74320ede61b20c"
# W3C XML Information Set (Second Edition). Pinned hash of the
# on-disk file crates/domains/data/markup-schemas/xml/xml-infoset.xhtml
# — the W3C-published XML Information Set rec at
# https://www.w3.org/TR/xml-infoset/. Loaded by the XML 1.0 ontology
# codegen (M4.η.2) so the 11 information items (Document / Element /
# Attribute / ProcessingInstruction / UnexpandedEntityReference /
# Character / Comment / DocumentTypeDeclaration / UnparsedEntity /
# Notation / Namespace) derive from the published recommendation
# (Cowan & Tobin 2004 W3C Recommendation 4 February 2004 §2) rather
# than being hand-coded.
"xml_infoset@2004"        = "316b1b0df49a40dd4cab7ea403dd4f9e5f0d073803b2a7663ebddc33fffebc3e"
# W3C XSD 1.1 meta-schema (XSD-for-XSD). Pinned hash of the bundled
# crates/domains/data/markup-schemas/xsd/xsd_meta_schema-1.1.xsd —
# the W3C-published XMLSchema.xsd. Loaded by the XSD ontology
# (M4.ζ.0) so its concept inventory (ElementDeclaration /
# ComplexTypeDefinition / etc.) derives from the published
# meta-schema rather than being hand-coded against the prose spec.
"xsd_meta_schema@1.1"     = "047e652e9863065d297651c103e366daa24fb2c0933cebcf1982272cb80600f5"
# Global WordNet WN-LMF 1.3 DTD. Pinned hash of the bundled
# crates/domains/data/markup-schemas/lmf/wn_lmf_dtd-1.3.dtd —
# the Global WordNet-published schema that the bundled WordNet
# 2025 bytes declare DOCTYPE against. Loaded by the LMF ontology
# (M4.ζ.1) so the runtime LexicalEntry / Synset / Sense types
# derive from the published DTD rather than being hand-coded.
"wn_lmf_dtd@1.3"          = "dba306298d63e33f243903edce15d180c018db1a6e2c7e836d52480eb5659796"
# ECMA-376 5th edition (December 2016) OOXML schemas. Pinned hash of
# the bundled crates/domains/data/markup-schemas/ooxml/ooxml_schema_strict-2016.zip
# — the `OfficeOpenXML-XMLSchema-Strict.zip` archive extracted from
# the published ECMA-376 outer ZIP. 21 XSDs (sml.xsd, wml.xsd, pml.xsd,
# dml-*.xsd, shared-*.xsd) — the canonical machine-readable schemas
# for OOXML documents (XLSX / DOCX / PPTX). Loaded by the M4.ζ.2
# XSD-grounding work; per-XSD parsing is done by XsdSchemaLens on
# the extracted contents.
"ooxml_schema_strict@2016" = "73fab4b04ddd93da020ed07583f755466dcaf69f115b2ff6649af7ae16a816f7"
# W3C XML Schema Test Suite (xsts). Pinned hash of the bundled
# archive crates/domains/data/markup-schemas/xsts/xsts_xml_schema_test_suite-2007-06-20.tar.gz
# — the canonical conformance corpus for XSD 1.1 readers,
# ~14,328 schemaTest cases drawn from Boeing / Microsoft / NIST /
# Sun contributions and certified per W3C XSD 1.1 Parts 1 + 2.
# Loaded by the XstsCorpusAuditPasses axiom (M4.λ.2.e.b) at test
# time to walk every case through the praxis XSD reader and confirm
# 100% spec-conformance.
"xsts_xml_schema_test_suite@2007-06-20" = "902176b25e4111cf96b08663107521a4992e8ea67aad6b815592a6a5b4b9ea06"
# W3C XML Conformance Test Suite (XMLConf). Pinned hash of the
# bundled archive
# crates/domains/data/markup-schemas/xmlconf/xmlconf_xml_test_suite-2008-08-27.tar.gz
# — ~3,000 TEST entries across six contributors (Sun, Clark, IBM,
# NIST/OASIS, Xerox, Edinburgh) per W3C XML 1.0 Fifth Edition (Bray
# et al. 2008). Loaded by the XmlConformanceCorpusAuditPasses axiom
# at test time to walk every case through the praxis XML 1.0 parser.
"xmlconf_xml_test_suite@2008-08-27" = "96151685cec997e1f9f3387e3626d61e6284d4d6e66e0e440c209286c03e9cc7"
# U.S. Federal Legal-Text Closed-Class Lexicon (LMF XML). Pinned hash
# of crates/domains/data/legal-text/us_legal_lexicon.xml — the
# bounded, cited enumeration of citation abbreviations + month names +
# federal-agency acronyms + U.S. state/place names + English
# productive compounds + legal terms-of-art. Loaded by the Layer 1+2
# `is_statutory_term_of_art` classifier. Citations per category live
# in the XML header (GPO Style Manual 2016, Federal Register Document
# Drafting Handbook 2017, ISO 3166-2:US, Huddleston & Pullum 2002,
# Bauer 1983, Black's Law Dictionary 11th ed. 2019). Updating the XML
# requires regenerating this hash.
"us_legal_lexicon@2026"  = "fd87bf2db83ce9253e9549079fe9f3f08aa0c9f5f0199c4c82a2d2a2152ce8b6"
# U.S. Code Title 18 — Crimes and Criminal Procedure. SHA-256 of
# the unzipped usc18.xml content (12 MB, 1,428 sections, ~28k cross-
# references) from release point pl-119-90. The .zip wrapper sha256
# is not stored — `pr4xis update` verifies the inner XML matches.
"usc_title_18@pl-119-90" = "00bb3b87d056164095e174a4993151e5fbd2f5c114aaa6f86853b76e514d883f"
# U.S. Code Title 49 — Transportation. SHA-256 of the unzipped
# usc49.xml content (26 MB, 1,634 sections, ~33k cross-refs) from
# release point pl-119-90. AIR21 § 42121 lives here.
"usc_title_49@pl-119-90" = "9be46928d04bae7c821246f800780493fdfe900cbcfffd52fedf8142a42db650"
# U.S. Code Title 28 — Judiciary and Judicial Procedure, including
# 28 U.S.C. App. (Federal Rules of Civil Procedure, Federal Rules
# of Evidence, Federal Rules of Appellate Procedure, Federal Rules
# of Bankruptcy Procedure). Loading Title 28 populates Layer 3 of
# statute_understanding with typed legal-actor / evidence-rule
# vocabulary — no hand-coded ontology macros needed. Hash will be
# pinned by `pr4xis update usc_title_28` once the XML is fetched;
# this placeholder is the SHA-256 of an empty file (the codegen
# build script emits a stub for not-on-disk sources, so build
# stays green until the user runs `pr4xis update`).
"usc_title_28@pl-119-90" = "e3b0c44298fc1c149afbf4c8996fb92427ae41e4649b934ca495991b7852b855"
# Adobe Glyph List 2019 — SHA-256 of crates/domains/data/adobe/glyphlist.txt,
# a verbatim copy of
# https://raw.githubusercontent.com/adobe-type-tools/agl-aglfn/master/glyphlist.txt.
# Verified at test time by `pdf::agl::tests::embedded_sha256_matches_pinned_hash`
# and at build time by the registry's LockManifestAgreement axiom.
"adobe_glyph_list@2019"  = "a3b2f61ced9f3644cc0d4ecde5c59df34ca286c689d9484a43a710a81c466789"

# Canonical-form SHA-256s — SHA-256 of the bytes a registered
# WellBehavedLens emits after applying its source's canonical
# transformation (W3C XML Canonicalization 1.1 for XML sources, RFC
# 8785 JCS for JSON, Unicode NFKC for plain text, etc.). Drift in the
# lens implementation or in the canonical form surfaces here while
# the raw-bytes hash above remains stable. The
# `formal::meta::well_behaved_lens::harness::RoundTripHarnessAllVerified`
# axiom verifies these match on every test run.
[canonical_signatures]
# USC Title 18 — Crimes and Criminal Procedure. UslmXmlLens get/put
# is constant-complement (Bancilhon & Spyratos 1981); the canonical
# form normalizes via xml-c14n-1.1 (Boyer & Marcy 2008) which expands
# the five XML-predefined entity references (XML 1.0 §4.6) before
# re-escaping per §3.5.
"usc_title_18@pl-119-90" = "7e8f4cdf99cdca0ed611fef0f8b508f1179f3dbdae67cdfd751c4f8944736939"
# USC Title 49 — Transportation. Same lens, same canonical form.
"usc_title_49@pl-119-90" = "1902b2bb287fcfd2af1a59cec9619f05a177161bde1aec77c5683216aca0cccb"
